// !$*UTF8*$!
{
	archiveVersion = 1;
	classes = {
	};
	objectVersion = 50;
	objects = {

/* Begin PBXBuildFile section */
		8A91203F26D49F26008D2081 /* AppDelegate.m in Sources */ = {isa = PBXBuildFile; fileRef = 8A91203E26D49F26008D2081 /* AppDelegate.m */; };
		8A91204226D49F26008D2081 /* SceneDelegate.m in Sources */ = {isa = PBXBuildFile; fileRef = 8A91204126D49F26008D2081 /* SceneDelegate.m */; };
		8A91204526D49F26008D2081 /* ViewController.m in Sources */ = {isa = PBXBuildFile; fileRef = 8A91204426D49F26008D2081 /* ViewController.m */; };
		8A91204826D49F26008D2081 /* Main.storyboard in Resources */ = {isa = PBXBuildFile; fileRef = 8A91204626D49F26008D2081 /* Main.storyboard */; };
		8A91204A26D49F28008D2081 /* Assets.xcassets in Resources */ = {isa = PBXBuildFile; fileRef = 8A91204926D49F28008D2081 /* Assets.xcassets */; };
		8A91204D26D49F28008D2081 /* LaunchScreen.storyboard in Resources */ = {isa = PBXBuildFile; fileRef = 8A91204B26D49F28008D2081 /* LaunchScreen.storyboard */; };
		8A91205026D49F28008D2081 /* main.m in Sources */ = {isa = PBXBuildFile; fileRef = 8A91204F26D49F28008D2081 /* main.m */; };
		8A91205A26D49F28008D2081 /* GCDTimerTests.m in Sources */ = {isa = PBXBuildFile; fileRef = 8A91205926D49F28008D2081 /* GCDTimerTests.m */; };
		8A91206526D49F28008D2081 /* GCDTimerUITests.m in Sources */ = {isa = PBXBuildFile; fileRef = 8A91206426D49F28008D2081 /* GCDTimerUITests.m */; };
		8A91207426D49F3F008D2081 /* AViewController.m in Sources */ = {isa = PBXBuildFile; fileRef = 8A91207326D49F3F008D2081 /* AViewController.m */; };
		8A91207726D49F9A008D2081 /* GJJTimer.m in Sources */ = {isa = PBXBuildFile; fileRef = 8A91207626D49F9A008D2081 /* GJJTimer.m */; };
/* End PBXBuildFile section */

/* Begin PBXContainerItemProxy section */
		8A91205626D49F28008D2081 /* PBXContainerItemProxy */ = {
			isa = PBXContainerItemProxy;
			containerPortal = 8A91203226D49F25008D2081 /* Project object */;
			proxyType = 1;
			remoteGlobalIDString = 8A91203926D49F26008D2081;
			remoteInfo = GCDTimer;
		};
		8A91206126D49F28008D2081 /* PBXContainerItemProxy */ = {
			isa = PBXContainerItemProxy;
			containerPortal = 8A91203226D49F25008D2081 /* Project object */;
			proxyType = 1;
			remoteGlobalIDString = 8A91203926D49F26008D2081;
			remoteInfo = GCDTimer;
		};
/* End PBXContainerItemProxy section */

/* Begin PBXFileReference section */
		8A91203A26D49F26008D2081 /* GCDTimer.app */ = {isa = PBXFileReference; explicitFileType = wrapper.application; includeInIndex = 0; path = GCDTimer.app; sourceTree = BUILT_PRODUCTS_DIR; };
		8A91203D26D49F26008D2081 /* AppDelegate.h */ = {isa = PBXFileReference; lastKnownFileType = sourcecode.c.h; path = AppDelegate.h; sourceTree = "<group>"; };
		8A91203E26D49F26008D2081 /* AppDelegate.m */ = {isa = PBXFileReference; lastKnownFileType = sourcecode.c.objc; path = AppDelegate.m; sourceTree = "<group>"; };
		8A91204026D49F26008D2081 /* SceneDelegate.h */ = {isa = PBXFileReference; lastKnownFileType = sourcecode.c.h; path = SceneDelegate.h; sourceTree = "<group>"; };
		8A91204126D49F26008D2081 /* SceneDelegate.m */ = {isa = PBXFileReference; lastKnownFileType = sourcecode.c.objc; path = SceneDelegate.m; sourceTree = "<group>"; };
		8A91204326D49F26008D2081 /* ViewController.h */ = {isa = PBXFileReference; lastKnownFileType = sourcecode.c.h; path = ViewController.h; sourceTree = "<group>"; };
		8A91204426D49F26008D2081 /* ViewController.m */ = {isa = PBXFileReference; lastKnownFileType = sourcecode.c.objc; path = ViewController.m; sourceTree = "<group>"; };
		8A91204726D49F26008D2081 /* Base */ = {isa = PBXFileReference; lastKnownFileType = file.storyboard; name = Base; path = Base.lproj/Main.storyboard; sourceTree = "<group>"; };
		8A91204926D49F28008D2081 /* Assets.xcassets */ = {isa = PBXFileReference; lastKnownFileType = folder.assetcatalog; path = Assets.xcassets; sourceTree = "<group>"; };
		8A91204C26D49F28008D2081 /* Base */ = {isa = PBXFileReference; lastKnownFileType = file.storyboard; name = Base; path = Base.lproj/LaunchScreen.storyboard; sourceTree = "<group>"; };
		8A91204E26D49F28008D2081 /* Info.plist */ = {isa = PBXFileReference; lastKnownFileType = text.plist.xml; path = Info.plist; sourceTree = "<group>"; };
		8A91204F26D49F28008D2081 /* main.m */ = {isa = PBXFileReference; lastKnownFileType = sourcecode.c.objc; path = main.m; sourceTree = "<group>"; };
		8A91205526D49F28008D2081 /* GCDTimerTests.xctest */ = {isa = PBXFileReference; explicitFileType = wrapper.cfbundle; includeInIndex = 0; path = GCDTimerTests.xctest; sourceTree = BUILT_PRODUCTS_DIR; };
		8A91205926D49F28008D2081 /* GCDTimerTests.m */ = {isa = PBXFileReference; lastKnownFileType = sourcecode.c.objc; path = GCDTimerTests.m; sourceTree = "<group>"; };
		8A91205B26D49F28008D2081 /* Info.plist */ = {isa = PBXFileReference; lastKnownFileType = text.plist.xml; path = Info.plist; sourceTree = "<group>"; };
		8A91206026D49F28008D2081 /* GCDTimerUITests.xctest */ = {isa = PBXFileReference; explicitFileType = wrapper.cfbundle; includeInIndex = 0; path = GCDTimerUITests.xctest; sourceTree = BUILT_PRODUCTS_DIR; };
		8A91206426D49F28008D2081 /* GCDTimerUITests.m */ = {isa = PBXFileReference; lastKnownFileType = sourcecode.c.objc; path = GCDTimerUITests.m; sourceTree = "<group>"; };
		8A91206626D49F28008D2081 /* Info.plist */ = {isa = PBXFileReference; lastKnownFileType = text.plist.xml; path = Info.plist; sourceTree = "<group>"; };
		8A91207226D49F3F008D2081 /* AViewController.h */ = {isa = PBXFileReference; lastKnownFileType = sourcecode.c.h; path = AViewController.h; sourceTree = "<group>"; };
		8A91207326D49F3F008D2081 /* AViewController.m */ = {isa = PBXFileReference; lastKnownFileType = sourcecode.c.objc; path = AViewController.m; sourceTree = "<group>"; };
		8A91207526D49F9A008D2081 /* GJJTimer.h */ = {isa = PBXFileReference; lastKnownFileType = sourcecode.c.h; path = GJJTimer.h; sourceTree = "<group>"; };
		8A91207626D49F9A008D2081 /* GJJTimer.m */ = {isa = PBXFileReference; lastKnownFileType = sourcecode.c.objc; path = GJJTimer.m; sourceTree = "<group>"; };
/* End PBXFileReference section */

/* Begin PBXFrameworksBuildPhase section */
		8A91203726D49F26008D2081 /* Frameworks */ = {
			isa = PBXFrameworksBuildPhase;
			buildActionMask = 2147483647;
			files = (
			);
			runOnlyForDeploymentPostprocessing = 0;
		};
		8A91205226D49F28008D2081 /* Frameworks */ = {
			isa = PBXFrameworksBuildPhase;
			buildActionMask = 2147483647;
			files = (
			);
			runOnlyForDeploymentPostprocessing = 0;
		};
		8A91205D26D49F28008D2081 /* Frameworks */ = {
			isa = PBXFrameworksBuildPhase;
			buildActionMask = 2147483647;
			files = (
			);
			runOnlyForDeploymentPostprocessing = 0;
		};
/* End PBXFrameworksBuildPhase section */

/* Begin PBXGroup section */
		8A91203126D49F25008D2081 = {
			isa = PBXGroup;
			children = (
				8A91203C26D49F26008D2081 /* GCDTimer */,
				8A91205826D49F28008D2081 /* GCDTimerTests */,
				8A91206326D49F28008D2081 /* GCDTimerUITests */,
				8A91203B26D49F26008D2081 /* Products */,
			);
			sourceTree = "<group>";
		};
		8A91203B26D49F26008D2081 /* Products */ = {
			isa = PBXGroup;
			children = (
				8A91203A26D49F26008D2081 /* GCDTimer.app */,
				8A91205526D49F28008D2081 /* GCDTimerTests.xctest */,
				8A91206026D49F28008D2081 /* GCDTimerUITests.xctest */,
			);
			name = Products;
			sourceTree = "<group>";
		};
		8A91203C26D49F26008D2081 /* GCDTimer */ = {
			isa = PBXGroup;
			children = (
				8A91203D26D49F26008D2081 /* AppDelegate.h */,
				8A91203E26D49F26008D2081 /* AppDelegate.m */,
				8A91204026D49F26008D2081 /* SceneDelegate.h */,
				8A91204126D49F26008D2081 /* SceneDelegate.m */,
				8A91204326D49F26008D2081 /* ViewController.h */,
				8A91204426D49F26008D2081 /* ViewController.m */,
				8A91204626D49F26008D2081 /* Main.storyboard */,
				8A91204926D49F28008D2081 /* Assets.xcassets */,
				8A91204B26D49F28008D2081 /* LaunchScreen.storyboard */,
				8A91204E26D49F28008D2081 /* Info.plist */,
				8A91204F26D49F28008D2081 /* main.m */,
				8A91207226D49F3F008D2081 /* AViewController.h */,
				8A91207326D49F3F008D2081 /* AViewController.m */,
				8A91207526D49F9A008D2081 /* GJJTimer.h */,
				8A91207626D49F9A008D2081 /* GJJTimer.m */,
			);
			path = GCDTimer;
			sourceTree = "<group>";
		};
		8A91205826D49F28008D2081 /* GCDTimerTests */ = {
			isa = PBXGroup;
			children = (
				8A91205926D49F28008D2081 /* GCDTimerTests.m */,
				8A91205B26D49F28008D2081 /* Info.plist */,
			);
			path = GCDTimerTests;
			sourceTree = "<group>";
		};
		8A91206326D49F28008D2081 /* GCDTimerUITests */ = {
			isa = PBXGroup;
			children = (
				8A91206426D49F28008D2081 /* GCDTimerUITests.m */,
				8A91206626D49F28008D2081 /* Info.plist */,
			);
			path = GCDTimerUITests;
			sourceTree = "<group>";
		};
/* End PBXGroup section */

/* Begin PBXNativeTarget section */
		8A91203926D49F26008D2081 /* GCDTimer */ = {
			isa = PBXNativeTarget;
			buildConfigurationList = 8A91206926D49F28008D2081 /* Build configuration list for PBXNativeTarget "GCDTimer" */;
			buildPhases = (
				8A91203626D49F26008D2081 /* Sources */,
				8A91203726D49F26008D2081 /* Frameworks */,
				8A91203826D49F26008D2081 /* Resources */,
			);
			buildRules = (
			);
			dependencies = (
			);
			name = GCDTimer;
			productName = GCDTimer;
			productReference = 8A91203A26D49F26008D2081 /* GCDTimer.app */;
			productType = "com.apple.product-type.application";
		};
		8A91205426D49F28008D2081 /* GCDTimerTests */ = {
			isa = PBXNativeTarget;
			buildConfigurationList = 8A91206C26D49F28008D2081 /* Build configuration list for PBXNativeTarget "GCDTimerTests" */;
			buildPhases = (
				8A91205126D49F28008D2081 /* Sources */,
				8A91205226D49F28008D2081 /* Frameworks */,
				8A91205326D49F28008D2081 /* Resources */,
			);
			buildRules = (
			);
			dependencies = (
				8A91205726D49F28008D2081 /* PBXTargetDependency */,
			);
			name = GCDTimerTests;
			productName = GCDTimerTests;
			productReference = 8A91205526D49F28008D2081 /* GCDTimerTests.xctest */;
			productType = "com.apple.product-type.bundle.unit-test";
		};
		8A91205F26D49F28008D2081 /* GCDTimerUITests */ = {
			isa = PBXNativeTarget;
			buildConfigurationList = 8A91206F26D49F28008D2081 /* Build configuration list for PBXNativeTarget "GCDTimerUITests" */;
			buildPhases = (
				8A91205C26D49F28008D2081 /* Sources */,
				8A91205D26D49F28008D2081 /* Frameworks */,
				8A91205E26D49F28008D2081 /* Resources */,
			);
			buildRules = (
			);
			dependencies = (
				8A91206226D49F28008D2081 /* PBXTargetDependency */,
			);
			name = GCDTimerUITests;
			productName = GCDTimerUITests;
			productReference = 8A91206026D49F28008D2081 /* GCDTimerUITests.xctest */;
			productType = "com.apple.product-type.bundle.ui-testing";
		};
/* End PBXNativeTarget section */

/* Begin PBXProject section */
		8A91203226D49F25008D2081 /* Project object */ = {
			isa = PBXProject;
			attributes = {
				LastUpgradeCheck = 1250;
				TargetAttributes = {
					8A91203926D49F26008D2081 = {
						CreatedOnToolsVersion = 12.5.1;
					};
					8A91205426D49F28008D2081 = {
						CreatedOnToolsVersion = 12.5.1;
						TestTargetID = 8A91203926D49F26008D2081;
					};
					8A91205F26D49F28008D2081 = {
						CreatedOnToolsVersion = 12.5.1;
						TestTargetID = 8A91203926D49F26008D2081;
					};
				};
			};
			buildConfigurationList = 8A91203526D49F25008D2081 /* Build configuration list for PBXProject "GCDTimer" */;
			compatibilityVersion = "Xcode 9.3";
			developmentRegion = en;
			hasScannedForEncodings = 0;
			knownRegions = (
				en,
				Base,
			);
			mainGroup = 8A91203126D49F25008D2081;
			productRefGroup = 8A91203B26D49F26008D2081 /* Products */;
			projectDirPath = "";
			projectRoot = "";
			targets = (
				8A91203926D49F26008D2081 /* GCDTimer */,
				8A91205426D49F28008D2081 /* GCDTimerTests */,
				8A91205F26D49F28008D2081 /* GCDTimerUITests */,
			);
		};
/* End PBXProject section */

/* Begin PBXResourcesBuildPhase section */
		8A91203826D49F26008D2081 /* Resources */ = {
			isa = PBXResourcesBuildPhase;
			buildActionMask = 2147483647;
			files = (
				8A91204D26D49F28008D2081 /* LaunchScreen.storyboard in Resources */,
				8A91204A26D49F28008D2081 /* Assets.xcassets in Resources */,
				8A91204826D49F26008D2081 /* Main.storyboard in Resources */,
			);
			runOnlyForDeploymentPostprocessing = 0;
		};
		8A91205326D49F28008D2081 /* Resources */ = {
			isa = PBXResourcesBuildPhase;
			buildActionMask = 2147483647;
			files = (
			);
			runOnlyForDeploymentPostprocessing = 0;
		};
		8A91205E26D49F28008D2081 /* Resources */ = {
			isa = PBXResourcesBuildPhase;
			buildActionMask = 2147483647;
			files = (
			);
			runOnlyForDeploymentPostprocessing = 0;
		};
/* End PBXResourcesBuildPhase section */

/* Begin PBXSourcesBuildPhase section */
		8A91203626D49F26008D2081 /* Sources */ = {
			isa = PBXSourcesBuildPhase;
			buildActionMask = 2147483647;
			files = (
				8A91204526D49F26008D2081 /* ViewController.m in Sources */,
				8A91207426D49F3F008D2081 /* AViewController.m in Sources */,
				8A91203F26D49F26008D2081 /* AppDelegate.m in Sources */,
				8A91207726D49F9A008D2081 /* GJJTimer.m in Sources */,
				8A91205026D49F28008D2081 /* main.m in Sources */,
				8A91204226D49F26008D2081 /* SceneDelegate.m in Sources */,
			);
			runOnlyForDeploymentPostprocessing = 0;
		};
		8A91205126D49F28008D2081 /* Sources */ = {
			isa = PBXSourcesBuildPhase;
			buildActionMask = 2147483647;
			files = (
				8A91205A26D49F28008D2081 /* GCDTimerTests.m in Sources */,
			);
			runOnlyForDeploymentPostprocessing = 0;
		};
		8A91205C26D49F28008D2081 /* Sources */ = {
			isa = PBXSourcesBuildPhase;
			buildActionMask = 2147483647;
			files = (
				8A91206526D49F28008D2081 /* GCDTimerUITests.m in Sources */,
			);
			runOnlyForDeploymentPostprocessing = 0;
		};
/* End PBXSourcesBuildPhase section */

/* Begin PBXTargetDependency section */
		8A91205726D49F28008D2081 /* PBXTargetDependency */ = {
			isa = PBXTargetDependency;
			target = 8A91203926D49F26008D2081 /* GCDTimer */;
			targetProxy = 8A91205626D49F28008D2081 /* PBXContainerItemProxy */;
		};
		8A91206226D49F28008D2081 /* PBXTargetDependency */ = {
			isa = PBXTargetDependency;
			target = 8A91203926D49F26008D2081 /* GCDTimer */;
			targetProxy = 8A91206126D49F28008D2081 /* PBXContainerItemProxy */;
		};
/* End PBXTargetDependency section */

/* Begin PBXVariantGroup section */
		8A91204626D49F26008D2081 /* Main.storyboard */ = {
			isa = PBXVariantGroup;
			children = (
				8A91204726D49F26008D2081 /* Base */,
			);
			name = Main.storyboard;
			sourceTree = "<group>";
		};
		8A91204B26D49F28008D2081 /* LaunchScreen.storyboard */ = {
			isa = PBXVariantGroup;
			children = (
				8A91204C26D49F28008D2081 /* Base */,
			);
			name = LaunchScreen.storyboard;
			sourceTree = "<group>";
		};
/* End PBXVariantGroup section */

/* Begin XCBuildConfiguration section */
		8A91206726D49F28008D2081 /* Debug */ = {
			isa = XCBuildConfiguration;
			buildSettings = {
				ALWAYS_SEARCH_USER_PATHS = NO;
				CLANG_ANALYZER_NONNULL = YES;
				CLANG_ANALYZER_NUMBER_OBJECT_CONVERSION = YES_AGGRESSIVE;
				CLANG_CXX_LANGUAGE_STANDARD = "gnu++14";
				CLANG_CXX_LIBRARY = "libc++";
				CLANG_ENABLE_MODULES = YES;
				CLANG_ENABLE_OBJC_ARC = YES;
				CLANG_ENABLE_OBJC_WEAK = YES;
				CLANG_WARN_BLOCK_CAPTURE_AUTORELEASING = YES;
				CLANG_WARN_BOOL_CONVERSION = YES;
				CLANG_WARN_COMMA = YES;
				CLANG_WARN_CONSTANT_CONVERSION = YES;
				CLANG_WARN_DEPRECATED_OBJC_IMPLEMENTATIONS = YES;
				CLANG_WARN_DIRECT_OBJC_ISA_USAGE = YES_ERROR;
				CLANG_WARN_DOCUMENTATION_COMMENTS = YES;
				CLANG_WARN_EMPTY_BODY = YES;
				CLANG_WARN_ENUM_CONVERSION = YES;
				CLANG_WARN_INFINITE_RECURSION = YES;
				CLANG_WARN_INT_CONVERSION = YES;
				CLANG_WARN_NON_LITERAL_NULL_CONVERSION = YES;
				CLANG_WARN_OBJC_IMPLICIT_RETAIN_SELF = YES;
				CLANG_WARN_OBJC_LITERAL_CONVERSION = YES;
				CLANG_WARN_OBJC_ROOT_CLASS = YES_ERROR;
				CLANG_WARN_QUOTED_INCLUDE_IN_FRAMEWORK_HEADER = YES;
				CLANG_WARN_RANGE_LOOP_ANALYSIS = YES;
				CLANG_WARN_STRICT_PROTOTYPES = YES;
				CLANG_WARN_SUSPICIOUS_MOVE = YES;
				CLANG_WARN_UNGUARDED_AVAILABILITY = YES_AGGRESSIVE;
				CLANG_WARN_UNREACHABLE_CODE = YES;
				CLANG_WARN__DUPLICATE_METHOD_MATCH = YES;
				COPY_PHASE_STRIP = NO;
				DEBUG_INFORMATION_FORMAT = dwarf;
				ENABLE_STRICT_OBJC_MSGSEND = YES;
				ENABLE_TESTABILITY = YES;
				GCC_C_LANGUAGE_STANDARD = gnu11;
				GCC_DYNAMIC_NO_PIC = NO;
				GCC_NO_COMMON_BLOCKS = YES;
				GCC_OPTIMIZATION_LEVEL = 0;
				GCC_PREPROCESSOR_DEFINITIONS = (
					"DEBUG=1",
					"$(inherited)",
				);
				GCC_WARN_64_TO_32_BIT_CONVERSION = YES;
				GCC_WARN_ABOUT_RETURN_TYPE = YES_ERROR;
				GCC_WARN_UNDECLARED_SELECTOR = YES;
				GCC_WARN_UNINITIALIZED_AUTOS = YES_AGGRESSIVE;
				GCC_WARN_UNUSED_FUNCTION = YES;
				GCC_WARN_UNUSED_VARIABLE = YES;
				IPHONEOS_DEPLOYMENT_TARGET = 14.5;
				MTL_ENABLE_DEBUG_INFO = INCLUDE_SOURCE;
				MTL_FAST_MATH = YES;
				ONLY_ACTIVE_ARCH = YES;
				SDKROOT = iphoneos;
			};
			name = Debug;
		};
		8A91206826D49F28008D2081 /* Release */ = {
			isa = XCBuildConfiguration;
			buildSettings = {
				ALWAYS_SEARCH_USER_PATHS = NO;
				CLANG_ANALYZER_NONNULL = YES;
				CLANG_ANALYZER_NUMBER_OBJECT_CONVERSION = YES_AGGRESSIVE;
				CLANG_CXX_LANGUAGE_STANDARD = "gnu++14";
				CLANG_CXX_LIBRARY = "libc++";
				CLANG_ENABLE_MODULES = YES;
				CLANG_ENABLE_OBJC_ARC = YES;
				CLANG_ENABLE_OBJC_WEAK = YES;
				CLANG_WARN_BLOCK_CAPTURE_AUTORELEASING = YES;
				CLANG_WARN_BOOL_CONVERSION = YES;
				CLANG_WARN_COMMA = YES;
				CLANG_WARN_CONSTANT_CONVERSION = YES;
				CLANG_WARN_DEPRECATED_OBJC_IMPLEMENTATIONS = YES;
				CLANG_WARN_DIRECT_OBJC_ISA_USAGE = YES_ERROR;
				CLANG_WARN_DOCUMENTATION_COMMENTS = YES;
				CLANG_WARN_EMPTY_BODY = YES;
				CLANG_WARN_ENUM_CONVERSION = YES;
				CLANG_WARN_INFINITE_RECURSION = YES;
				CLANG_WARN_INT_CONVERSION = YES;
				CLANG_WARN_NON_LITERAL_NULL_CONVERSION = YES;
				CLANG_WARN_OBJC_IMPLICIT_RETAIN_SELF = YES;
				CLANG_WARN_OBJC_LITERAL_CONVERSION = YES;
				CLANG_WARN_OBJC_ROOT_CLASS = YES_ERROR;
				CLANG_WARN_QUOTED_INCLUDE_IN_FRAMEWORK_HEADER = YES;
				CLANG_WARN_RANGE_LOOP_ANALYSIS = YES;
				CLANG_WARN_STRICT_PROTOTYPES = YES;
				CLANG_WARN_SUSPICIOUS_MOVE = YES;
				CLANG_WARN_UNGUARDED_AVAILABILITY = YES_AGGRESSIVE;
				CLANG_WARN_UNREACHABLE_CODE = YES;
				CLANG_WARN__DUPLICATE_METHOD_MATCH = YES;
				COPY_PHASE_STRIP = NO;
				DEBUG_INFORMATION_FORMAT = "dwarf-with-dsym";
				ENABLE_NS_ASSERTIONS = NO;
				ENABLE_STRICT_OBJC_MSGSEND = YES;
				GCC_C_LANGUAGE_STANDARD = gnu11;
				GCC_NO_COMMON_BLOCKS = YES;
				GCC_WARN_64_TO_32_BIT_CONVERSION = YES;
				GCC_WARN_ABOUT_RETURN_TYPE = YES_ERROR;
				GCC_WARN_UNDECLARED_SELECTOR = YES;
				GCC_WARN_UNINITIALIZED_AUTOS = YES_AGGRESSIVE;
				GCC_WARN_UNUSED_FUNCTION = YES;
				GCC_WARN_UNUSED_VARIABLE = YES;
				IPHONEOS_DEPLOYMENT_TARGET = 14.5;
				MTL_ENABLE_DEBUG_INFO = NO;
				MTL_FAST_MATH = YES;
				SDKROOT = iphoneos;
				VALIDATE_PRODUCT = YES;
			};
			name = Release;
		};
		8A91206A26D49F28008D2081 /* Debug */ = {
			isa = XCBuildConfiguration;
			buildSettings = {
				ASSETCATALOG_COMPILER_APPICON_NAME = AppIcon;
				ASSETCATALOG_COMPILER_GLOBAL_ACCENT_COLOR_NAME = AccentColor;
				CODE_SIGN_IDENTITY = "iPhone Developer";
				CODE_SIGN_STYLE = Manual;
				DEVELOPMENT_TEAM = 9Z78449GFH;
				INFOPLIST_FILE = GCDTimer/Info.plist;
				LD_RUNPATH_SEARCH_PATHS = (
					"$(inherited)",
					"@executable_path/Frameworks",
				);
				PRODUCT_BUNDLE_IDENTIFIER = com.gengjunjie.GCDTimer;
				PRODUCT_NAME = "$(TARGET_NAME)";
				PROVISIONING_PROFILE_SPECIFIER = gengjunjie.developer;
				TARGETED_DEVICE_FAMILY = "1,2";
			};
			name = Debug;
		};
		8A91206B26D49F28008D2081 /* Release */ = {
			isa = XCBuildConfiguration;
			buildSettings = {
				ASSETCATALOG_COMPILER_APPICON_NAME = AppIcon;
				ASSETCATALOG_COMPILER_GLOBAL_ACCENT_COLOR_NAME = AccentColor;
				CODE_SIGN_IDENTITY = "iPhone Developer";
				CODE_SIGN_STYLE = Manual;
				DEVELOPMENT_TEAM = 9Z78449GFH;
				INFOPLIST_FILE = GCDTimer/Info.plist;
				LD_RUNPATH_SEARCH_PATHS = (
					"$(inherited)",
					"@executable_path/Frameworks",
				);
				PRODUCT_BUNDLE_IDENTIFIER = com.gengjunjie.GCDTimer;
				PRODUCT_NAME = "$(TARGET_NAME)";
				PROVISIONING_PROFILE_SPECIFIER = gengjunjie.developer;
				TARGETED_DEVICE_FAMILY = "1,2";
			};
			name = Release;
		};
		8A91206D26D49F28008D2081 /* Debug */ = {
			isa = XCBuildConfiguration;
			buildSettings = {
				BUNDLE_LOADER = "$(TEST_HOST)";
				CODE_SIGN_STYLE = Automatic;
				INFOPLIST_FILE = GCDTimerTests/Info.plist;
				IPHONEOS_DEPLOYMENT_TARGET = 14.5;
				LD_RUNPATH_SEARCH_PATHS = (
					"$(inherited)",
					"@executable_path/Frameworks",
					"@loader_path/Frameworks",
				);
				PRODUCT_BUNDLE_IDENTIFIER = com.gengjunjie.GCDTimerTests;
				PRODUCT_NAME = "$(TARGET_NAME)";
				TARGETED_DEVICE_FAMILY = "1,2";
				TEST_HOST = "$(BUILT_PRODUCTS_DIR)/GCDTimer.app/GCDTimer";
			};
			name = Debug;
		};
		8A91206E26D49F28008D2081 /* Release */ = {
			isa = XCBuildConfiguration;
			buildSettings = {
				BUNDLE_LOADER = "$(TEST_HOST)";
				CODE_SIGN_STYLE = Automatic;
				INFOPLIST_FILE = GCDTimerTests/Info.plist;
				IPHONEOS_DEPLOYMENT_TARGET = 14.5;
				LD_RUNPATH_SEARCH_PATHS = (
					"$(inherited)",
					"@executable_path/Frameworks",
					"@loader_path/Frameworks",
				);
				PRODUCT_BUNDLE_IDENTIFIER = com.gengjunjie.GCDTimerTests;
				PRODUCT_NAME = "$(TARGET_NAME)";
				TARGETED_DEVICE_FAMILY = "1,2";
				TEST_HOST = "$(BUILT_PRODUCTS_DIR)/GCDTimer.app/GCDTimer";
			};
			name = Release;
		};
		8A91207026D49F28008D2081 /* Debug */ = {
			isa = XCBuildConfiguration;
			buildSettings = {
				CODE_SIGN_STYLE = Automatic;
				INFOPLIST_FILE = GCDTimerUITests/Info.plist;
				LD_RUNPATH_SEARCH_PATHS = (
					"$(inherited)",
					"@executable_path/Frameworks",
					"@loader_path/Frameworks",
				);
				PRODUCT_BUNDLE_IDENTIFIER = com.gengjunjie.GCDTimerUITests;
				PRODUCT_NAME = "$(TARGET_NAME)";
				TARGETED_DEVICE_FAMILY = "1,2";
				TEST_TARGET_NAME = GCDTimer;
			};
			name = Debug;
		};
		8A91207126D49F28008D2081 /* Release */ = {
			isa = XCBuildConfiguration;
			buildSettings = {
				CODE_SIGN_STYLE = Automatic;
				INFOPLIST_FILE = GCDTimerUITests/Info.plist;
				LD_RUNPATH_SEARCH_PATHS = (
					"$(inherited)",
					"@executable_path/Frameworks",
					"@loader_path/Frameworks",
				);
				PRODUCT_BUNDLE_IDENTIFIER = com.gengjunjie.GCDTimerUITests;
				PRODUCT_NAME = "$(TARGET_NAME)";
				TARGETED_DEVICE_FAMILY = "1,2";
				TEST_TARGET_NAME = GCDTimer;
			};
			name = Release;
		};
/* End XCBuildConfiguration section */

/* Begin XCConfigurationList section */
		8A91203526D49F25008D2081 /* Build configuration list for PBXProject "GCDTimer" */ = {
			isa = XCConfigurationList;
			buildConfigurations = (
				8A91206726D49F28008D2081 /* Debug */,
				8A91206826D49F28008D2081 /* Release */,
			);
			defaultConfigurationIsVisible = 0;
			defaultConfigurationName = Release;
		};
		8A91206926D49F28008D2081 /* Build configuration list for PBXNativeTarget "GCDTimer" */ = {
			isa = XCConfigurationList;
			buildConfigurations = (
				8A91206A26D49F28008D2081 /* Debug */,
				8A91206B26D49F28008D2081 /* Release */,
			);
			defaultConfigurationIsVisible = 0;
			defaultConfigurationName = Release;
		};
		8A91206C26D49F28008D2081 /* Build configuration list for PBXNativeTarget "GCDTimerTests" */ = {
			isa = XCConfigurationList;
			buildConfigurations = (
				8A91206D26D49F28008D2081 /* Debug */,
				8A91206E26D49F28008D2081 /* Release */,
			);
			defaultConfigurationIsVisible = 0;
			defaultConfigurationName = Release;
		};
		8A91206F26D49F28008D2081 /* Build configuration list for PBXNativeTarget "GCDTimerUITests" */ = {
			isa = XCConfigurationList;
			buildConfigurations = (
				8A91207026D49F28008D2081 /* Debug */,
				8A91207126D49F28008D2081 /* Release */,
			);
			defaultConfigurationIsVisible = 0;
			defaultConfigurationName = Release;
		};
/* End XCConfigurationList section */
	};
	rootObject = 8A91203226D49F25008D2081 /* Project object */;
}
